
Microsoft Visual Studio Solution File, Format Version 12.00
# Visual Studio 15
VisualStudioVersion = 15.0.27130.2010
MinimumVisualStudioVersion = 10.0.40219.1
Project("{FAE04EC0-301F-11D3-BF4B-00C04F79EFBC}") = "WebApplication5", "WebApplication5\WebApplication5.csproj", "{CAF17D9B-2EB5-48F2-B02E-CE19EC45B6B2}"
EndProject
Project("{FAE04EC0-301F-11D3-BF4B-00C04F79EFBC}") = "ClassLibrary1", "ClassLibrary1\ClassLibrary1.csproj", "{376D148D-2F92-4092-954C-5958F20983FF}"
EndProject
Global
	GlobalSection(SolutionConfigurationPlatforms) = preSolution
		Debug|Any CPU = Debug|Any CPU
		Release|Any CPU = Release|Any CPU
	EndGlobalSection
	GlobalSection(ProjectConfigurationPlatforms) = postSolution
		{CAF17D9B-2EB5-48F2-B02E-CE19EC45B6B2}.Debug|Any CPU.ActiveCfg = Debug|Any CPU
		{CAF17D9B-2EB5-48F2-B02E-CE19EC45B6B2}.Debug|Any CPU.Build.0 = Debug|Any CPU
		{CAF17D9B-2EB5-48F2-B02E-CE19EC45B6B2}.Release|Any CPU.ActiveCfg = Release|Any CPU
		{CAF17D9B-2EB5-48F2-B02E-CE19EC45B6B2}.Release|Any CPU.Build.0 = Release|Any CPU
		{376D148D-2F92-4092-954C-5958F20983FF}.Debug|Any CPU.ActiveCfg = Debug|Any CPU
		{376D148D-2F92-4092-954C-5958F20983FF}.Debug|Any CPU.Build.0 = Debug|Any CPU
		{376D148D-2F92-4092-954C-5958F20983FF}.Release|Any CPU.ActiveCfg = Release|Any CPU
		{376D148D-2F92-4092-954C-5958F20983FF}.Release|Any CPU.Build.0 = Release|Any CPU
	EndGlobalSection
	GlobalSection(SolutionProperties) = preSolution
		HideSolutionNode = FALSE
	EndGlobalSection
	GlobalSection(ExtensibilityGlobals) = postSolution
		SolutionGuid = {41DB11C2-0F2E-44E9-9386-9CEDF9C52B25}
	EndGlobalSection
EndGlobal
